
Microsoft Visual Studio Solution File, Format Version 12.00
# Visual Studio Version 17
VisualStudioVersion = 17.1.32127.271
MinimumVisualStudioVersion = 10.0.40219.1
Project("{9A19103F-16F7-4668-BE54-9A1E7A4F7556}") = "Task_4_Fibonacci_number", "Task_4_Fibonacci_number\Task_4_Fibonacci_number.csproj", "{30B97F32-5314-444D-96E1-E70E9C91C50E}"
EndProject
Project("{FAE04EC0-301F-11D3-BF4B-00C04F79EFBC}") = "Task2_LINQ", "Task2_LINQ\Task2_LINQ.csproj", "{1760C5C9-137A-45C8-B5F3-0A81E0399DC5}"
EndProject
Project("{FAE04EC0-301F-11D3-BF4B-00C04F79EFBC}") = "Task3_RemoveDublicatesSortedList", "Task3_RemoveDublicatesSortedList\Task3_RemoveDublicatesSortedList.csproj", "{D54E480E-1E7A-4B1F-8DE8-EE7B5F674641}"
EndProject
Global
	GlobalSection(SolutionConfigurationPlatforms) = preSolution
		Debug|Any CPU = Debug|Any CPU
		Release|Any CPU = Release|Any CPU
	EndGlobalSection
	GlobalSection(ProjectConfigurationPlatforms) = postSolution
		{30B97F32-5314-444D-96E1-E70E9C91C50E}.Debug|Any CPU.ActiveCfg = Debug|Any CPU
		{30B97F32-5314-444D-96E1-E70E9C91C50E}.Debug|Any CPU.Build.0 = Debug|Any CPU
		{30B97F32-5314-444D-96E1-E70E9C91C50E}.Release|Any CPU.ActiveCfg = Release|Any CPU
		{30B97F32-5314-444D-96E1-E70E9C91C50E}.Release|Any CPU.Build.0 = Release|Any CPU
		{1760C5C9-137A-45C8-B5F3-0A81E0399DC5}.Debug|Any CPU.ActiveCfg = Debug|Any CPU
		{1760C5C9-137A-45C8-B5F3-0A81E0399DC5}.Debug|Any CPU.Build.0 = Debug|Any CPU
		{1760C5C9-137A-45C8-B5F3-0A81E0399DC5}.Release|Any CPU.ActiveCfg = Release|Any CPU
		{1760C5C9-137A-45C8-B5F3-0A81E0399DC5}.Release|Any CPU.Build.0 = Release|Any CPU
		{D54E480E-1E7A-4B1F-8DE8-EE7B5F674641}.Debug|Any CPU.ActiveCfg = Debug|Any CPU
		{D54E480E-1E7A-4B1F-8DE8-EE7B5F674641}.Debug|Any CPU.Build.0 = Debug|Any CPU
		{D54E480E-1E7A-4B1F-8DE8-EE7B5F674641}.Release|Any CPU.ActiveCfg = Release|Any CPU
		{D54E480E-1E7A-4B1F-8DE8-EE7B5F674641}.Release|Any CPU.Build.0 = Release|Any CPU
	EndGlobalSection
	GlobalSection(SolutionProperties) = preSolution
		HideSolutionNode = FALSE
	EndGlobalSection
	GlobalSection(ExtensibilityGlobals) = postSolution
		SolutionGuid = {46824046-D482-4956-8443-AF84F7E97DDD}
	EndGlobalSection
EndGlobal
